
Microsoft Visual Studio Solution File, Format Version 12.00
# Visual Studio Version 17
VisualStudioVersion = 17.5.33516.290
MinimumVisualStudioVersion = 10.0.40219.1
Project("{2150E333-8FDC-42A3-9474-1A3956D46DE8}") = "Microservices", "Microservices", "{6479D6A9-7E20-41A1-9C60-99CD3E68C4E5}"
EndProject
Project("{2150E333-8FDC-42A3-9474-1A3956D46DE8}") = "Domain", "Domain", "{16EE3F5B-6434-4308-A781-079F26A37C86}"
EndProject
Project("{2150E333-8FDC-42A3-9474-1A3956D46DE8}") = "Infra.Bus", "Infra.Bus", "{5671CD43-7884-4E42-9C83-31F012F3EACF}"
EndProject
Project("{2150E333-8FDC-42A3-9474-1A3956D46DE8}") = "Infra.IoC", "Infra.IoC", "{D02FE8F2-36FA-46D8-8733-5BA4EA2FB05B}"
EndProject
Project("{2150E333-8FDC-42A3-9474-1A3956D46DE8}") = "Presenation", "Presenation", "{BBAE0E6E-CDCE-42A8-A3D3-2378AF2D751D}"
EndProject
Project("{9A19103F-16F7-4668-BE54-9A1E7A4F7556}") = "MicroRabbit.Domain.Core", "MicroRabbit.Domain.Core\MicroRabbit.Domain.Core.csproj", "{9EBBCC8F-3BF0-4926-B4A6-166185F3413D}"
EndProject
Project("{9A19103F-16F7-4668-BE54-9A1E7A4F7556}") = "MicroRabbit.Infra.Bus", "MicroRabbit.Infra.Bus\MicroRabbit.Infra.Bus.csproj", "{442AA7D1-65F9-4C82-90EE-11BE1158FC82}"
EndProject
Project("{9A19103F-16F7-4668-BE54-9A1E7A4F7556}") = "MicroRabbit.Infra.IoC", "MicroRabbit.Infra.IoC\MicroRabbit.Infra.IoC.csproj", "{B289C9C4-DA2B-4173-B6AA-E749C173C75F}"
EndProject
Project("{2150E333-8FDC-42A3-9474-1A3956D46DE8}") = "Banking", "Banking", "{06EBE167-9824-469C-9A8C-277C16467D6A}"
EndProject
Project("{2150E333-8FDC-42A3-9474-1A3956D46DE8}") = "Domain", "Domain", "{BD53BBDC-9993-4CFC-B041-0CD8180B65D6}"
EndProject
Project("{2150E333-8FDC-42A3-9474-1A3956D46DE8}") = "Application", "Application", "{8680701C-6116-47E9-A19C-C2C9BD01F35B}"
EndProject
Project("{2150E333-8FDC-42A3-9474-1A3956D46DE8}") = "Data", "Data", "{08D34D99-D1AF-4574-98D6-B1523083DED8}"
EndProject
Project("{9A19103F-16F7-4668-BE54-9A1E7A4F7556}") = "MicroRabbit.Banking.Application", "MicroRabbit.Banking.Application\MicroRabbit.Banking.Application.csproj", "{7106F416-C4B0-4921-A472-0947A7E64630}"
EndProject
Project("{9A19103F-16F7-4668-BE54-9A1E7A4F7556}") = "MicroRabbit.Banking.Data", "MicroRabbit.Banking.Data\MicroRabbit.Banking.Data.csproj", "{398F338E-3893-4B86-B34C-E038F3792706}"
EndProject
Project("{9A19103F-16F7-4668-BE54-9A1E7A4F7556}") = "MicroRabbit.Banking.Domain", "MicroRabbit.Banking.Domain\MicroRabbit.Banking.Domain.csproj", "{5FE581C0-4862-4CA5-85DD-9CDBD4752425}"
EndProject
Project("{2150E333-8FDC-42A3-9474-1A3956D46DE8}") = "Api", "Api", "{07D852FC-2C2A-4E75-BB19-DD0E29C1B14B}"
EndProject
Project("{9A19103F-16F7-4668-BE54-9A1E7A4F7556}") = "MicroRabbit.Banking.Api", "MicroRabbit.Banking.Api\MicroRabbit.Banking.Api.csproj", "{6C2C82B0-76E4-4962-965A-073E081B5250}"
EndProject
Project("{2150E333-8FDC-42A3-9474-1A3956D46DE8}") = "Transfer", "Transfer", "{3E65E144-DCE1-40F4-BCAC-CDB187D9F429}"
EndProject
Project("{2150E333-8FDC-42A3-9474-1A3956D46DE8}") = "Api", "Api", "{28F8EE6D-0F60-4B31-A8A3-8E755E292EE2}"
EndProject
Project("{2150E333-8FDC-42A3-9474-1A3956D46DE8}") = "Application", "Application", "{855F9481-AE56-4CB2-BC75-2AF8426C65BA}"
EndProject
Project("{2150E333-8FDC-42A3-9474-1A3956D46DE8}") = "Data", "Data", "{1391B732-392C-4BDA-ACA5-346D73B06915}"
EndProject
Project("{2150E333-8FDC-42A3-9474-1A3956D46DE8}") = "Domain", "Domain", "{BE6D7A54-34B4-4F3A-8224-6D45BABD2E47}"
EndProject
Project("{9A19103F-16F7-4668-BE54-9A1E7A4F7556}") = "MicroRabbit.Transfer.Application", "MicroRabbit.Transfer.Application\MicroRabbit.Transfer.Application.csproj", "{0D9B1911-5BB8-4EE3-A0AB-C0669FEE6282}"
EndProject
Project("{9A19103F-16F7-4668-BE54-9A1E7A4F7556}") = "MicroRabbit.Transfer.Domain", "MicroRabbit.Transfer.Domain\MicroRabbit.Transfer.Domain.csproj", "{AD9E15A5-217B-4A26-B2C1-096EB1F04905}"
EndProject
Project("{9A19103F-16F7-4668-BE54-9A1E7A4F7556}") = "MicroRabbit.Transfer.Data", "MicroRabbit.Transfer.Data\MicroRabbit.Transfer.Data.csproj", "{F14009DC-6D56-4186-861C-9F65A208632F}"
EndProject
Project("{FAE04EC0-301F-11D3-BF4B-00C04F79EFBC}") = "MicroRabbit.Transfer.Api", "WebApplication1\MicroRabbit.Transfer.Api.csproj", "{811B09EA-B3D4-4ED9-AFE2-67FD3E29C1C9}"
EndProject
Global
	GlobalSection(SolutionConfigurationPlatforms) = preSolution
		Debug|Any CPU = Debug|Any CPU
		Release|Any CPU = Release|Any CPU
	EndGlobalSection
	GlobalSection(ProjectConfigurationPlatforms) = postSolution
		{9EBBCC8F-3BF0-4926-B4A6-166185F3413D}.Debug|Any CPU.ActiveCfg = Debug|Any CPU
		{9EBBCC8F-3BF0-4926-B4A6-166185F3413D}.Debug|Any CPU.Build.0 = Debug|Any CPU
		{9EBBCC8F-3BF0-4926-B4A6-166185F3413D}.Release|Any CPU.ActiveCfg = Release|Any CPU
		{9EBBCC8F-3BF0-4926-B4A6-166185F3413D}.Release|Any CPU.Build.0 = Release|Any CPU
		{442AA7D1-65F9-4C82-90EE-11BE1158FC82}.Debug|Any CPU.ActiveCfg = Debug|Any CPU
		{442AA7D1-65F9-4C82-90EE-11BE1158FC82}.Debug|Any CPU.Build.0 = Debug|Any CPU
		{442AA7D1-65F9-4C82-90EE-11BE1158FC82}.Release|Any CPU.ActiveCfg = Release|Any CPU
		{442AA7D1-65F9-4C82-90EE-11BE1158FC82}.Release|Any CPU.Build.0 = Release|Any CPU
		{B289C9C4-DA2B-4173-B6AA-E749C173C75F}.Debug|Any CPU.ActiveCfg = Debug|Any CPU
		{B289C9C4-DA2B-4173-B6AA-E749C173C75F}.Debug|Any CPU.Build.0 = Debug|Any CPU
		{B289C9C4-DA2B-4173-B6AA-E749C173C75F}.Release|Any CPU.ActiveCfg = Release|Any CPU
		{B289C9C4-DA2B-4173-B6AA-E749C173C75F}.Release|Any CPU.Build.0 = Release|Any CPU
		{7106F416-C4B0-4921-A472-0947A7E64630}.Debug|Any CPU.ActiveCfg = Debug|Any CPU
		{7106F416-C4B0-4921-A472-0947A7E64630}.Debug|Any CPU.Build.0 = Debug|Any CPU
		{7106F416-C4B0-4921-A472-0947A7E64630}.Release|Any CPU.ActiveCfg = Release|Any CPU
		{7106F416-C4B0-4921-A472-0947A7E64630}.Release|Any CPU.Build.0 = Release|Any CPU
		{398F338E-3893-4B86-B34C-E038F3792706}.Debug|Any CPU.ActiveCfg = Debug|Any CPU
		{398F338E-3893-4B86-B34C-E038F3792706}.Debug|Any CPU.Build.0 = Debug|Any CPU
		{398F338E-3893-4B86-B34C-E038F3792706}.Release|Any CPU.ActiveCfg = Release|Any CPU
		{398F338E-3893-4B86-B34C-E038F3792706}.Release|Any CPU.Build.0 = Release|Any CPU
		{5FE581C0-4862-4CA5-85DD-9CDBD4752425}.Debug|Any CPU.ActiveCfg = Debug|Any CPU
		{5FE581C0-4862-4CA5-85DD-9CDBD4752425}.Debug|Any CPU.Build.0 = Debug|Any CPU
		{5FE581C0-4862-4CA5-85DD-9CDBD4752425}.Release|Any CPU.ActiveCfg = Release|Any CPU
		{5FE581C0-4862-4CA5-85DD-9CDBD4752425}.Release|Any CPU.Build.0 = Release|Any CPU
		{6C2C82B0-76E4-4962-965A-073E081B5250}.Debug|Any CPU.ActiveCfg = Debug|Any CPU
		{6C2C82B0-76E4-4962-965A-073E081B5250}.Debug|Any CPU.Build.0 = Debug|Any CPU
		{6C2C82B0-76E4-4962-965A-073E081B5250}.Release|Any CPU.ActiveCfg = Release|Any CPU
		{6C2C82B0-76E4-4962-965A-073E081B5250}.Release|Any CPU.Build.0 = Release|Any CPU
		{0D9B1911-5BB8-4EE3-A0AB-C0669FEE6282}.Debug|Any CPU.ActiveCfg = Debug|Any CPU
		{0D9B1911-5BB8-4EE3-A0AB-C0669FEE6282}.Debug|Any CPU.Build.0 = Debug|Any CPU
		{0D9B1911-5BB8-4EE3-A0AB-C0669FEE6282}.Release|Any CPU.ActiveCfg = Release|Any CPU
		{0D9B1911-5BB8-4EE3-A0AB-C0669FEE6282}.Release|Any CPU.Build.0 = Release|Any CPU
		{AD9E15A5-217B-4A26-B2C1-096EB1F04905}.Debug|Any CPU.ActiveCfg = Debug|Any CPU
		{AD9E15A5-217B-4A26-B2C1-096EB1F04905}.Debug|Any CPU.Build.0 = Debug|Any CPU
		{AD9E15A5-217B-4A26-B2C1-096EB1F04905}.Release|Any CPU.ActiveCfg = Release|Any CPU
		{AD9E15A5-217B-4A26-B2C1-096EB1F04905}.Release|Any CPU.Build.0 = Release|Any CPU
		{F14009DC-6D56-4186-861C-9F65A208632F}.Debug|Any CPU.ActiveCfg = Debug|Any CPU
		{F14009DC-6D56-4186-861C-9F65A208632F}.Debug|Any CPU.Build.0 = Debug|Any CPU
		{F14009DC-6D56-4186-861C-9F65A208632F}.Release|Any CPU.ActiveCfg = Release|Any CPU
		{F14009DC-6D56-4186-861C-9F65A208632F}.Release|Any CPU.Build.0 = Release|Any CPU
		{811B09EA-B3D4-4ED9-AFE2-67FD3E29C1C9}.Debug|Any CPU.ActiveCfg = Debug|Any CPU
		{811B09EA-B3D4-4ED9-AFE2-67FD3E29C1C9}.Debug|Any CPU.Build.0 = Debug|Any CPU
		{811B09EA-B3D4-4ED9-AFE2-67FD3E29C1C9}.Release|Any CPU.ActiveCfg = Release|Any CPU
		{811B09EA-B3D4-4ED9-AFE2-67FD3E29C1C9}.Release|Any CPU.Build.0 = Release|Any CPU
	EndGlobalSection
	GlobalSection(SolutionProperties) = preSolution
		HideSolutionNode = FALSE
	EndGlobalSection
	GlobalSection(NestedProjects) = preSolution
		{9EBBCC8F-3BF0-4926-B4A6-166185F3413D} = {16EE3F5B-6434-4308-A781-079F26A37C86}
		{442AA7D1-65F9-4C82-90EE-11BE1158FC82} = {5671CD43-7884-4E42-9C83-31F012F3EACF}
		{B289C9C4-DA2B-4173-B6AA-E749C173C75F} = {D02FE8F2-36FA-46D8-8733-5BA4EA2FB05B}
		{06EBE167-9824-469C-9A8C-277C16467D6A} = {6479D6A9-7E20-41A1-9C60-99CD3E68C4E5}
		{BD53BBDC-9993-4CFC-B041-0CD8180B65D6} = {06EBE167-9824-469C-9A8C-277C16467D6A}
		{8680701C-6116-47E9-A19C-C2C9BD01F35B} = {06EBE167-9824-469C-9A8C-277C16467D6A}
		{08D34D99-D1AF-4574-98D6-B1523083DED8} = {06EBE167-9824-469C-9A8C-277C16467D6A}
		{7106F416-C4B0-4921-A472-0947A7E64630} = {8680701C-6116-47E9-A19C-C2C9BD01F35B}
		{398F338E-3893-4B86-B34C-E038F3792706} = {08D34D99-D1AF-4574-98D6-B1523083DED8}
		{5FE581C0-4862-4CA5-85DD-9CDBD4752425} = {BD53BBDC-9993-4CFC-B041-0CD8180B65D6}
		{07D852FC-2C2A-4E75-BB19-DD0E29C1B14B} = {06EBE167-9824-469C-9A8C-277C16467D6A}
		{6C2C82B0-76E4-4962-965A-073E081B5250} = {07D852FC-2C2A-4E75-BB19-DD0E29C1B14B}
		{3E65E144-DCE1-40F4-BCAC-CDB187D9F429} = {6479D6A9-7E20-41A1-9C60-99CD3E68C4E5}
		{28F8EE6D-0F60-4B31-A8A3-8E755E292EE2} = {3E65E144-DCE1-40F4-BCAC-CDB187D9F429}
		{855F9481-AE56-4CB2-BC75-2AF8426C65BA} = {3E65E144-DCE1-40F4-BCAC-CDB187D9F429}
		{1391B732-392C-4BDA-ACA5-346D73B06915} = {3E65E144-DCE1-40F4-BCAC-CDB187D9F429}
		{BE6D7A54-34B4-4F3A-8224-6D45BABD2E47} = {3E65E144-DCE1-40F4-BCAC-CDB187D9F429}
		{0D9B1911-5BB8-4EE3-A0AB-C0669FEE6282} = {855F9481-AE56-4CB2-BC75-2AF8426C65BA}
		{AD9E15A5-217B-4A26-B2C1-096EB1F04905} = {BE6D7A54-34B4-4F3A-8224-6D45BABD2E47}
		{F14009DC-6D56-4186-861C-9F65A208632F} = {1391B732-392C-4BDA-ACA5-346D73B06915}
		{811B09EA-B3D4-4ED9-AFE2-67FD3E29C1C9} = {28F8EE6D-0F60-4B31-A8A3-8E755E292EE2}
	EndGlobalSection
	GlobalSection(ExtensibilityGlobals) = postSolution
		SolutionGuid = {50E694DC-DCCC-4212-BEE0-947BBC81A23B}
	EndGlobalSection
EndGlobal
